
Microsoft Visual Studio Solution File, Format Version 12.00
# Visual Studio Version 16
VisualStudioVersion = 16.0.31702.278
MinimumVisualStudioVersion = 10.0.40219.1
Project("{FAE04EC0-301F-11D3-BF4B-00C04F79EFBC}") = "Microstaller", "Microstaller.csproj", "{F6D5CA14-7A28-4B29-9100-A03EFEB6BF54}"
EndProject
Global
	GlobalSection(SolutionConfigurationPlatforms) = preSolution
		Debug|Any CPU = Debug|Any CPU
		Release|Any CPU = Release|Any CPU
	EndGlobalSection
	GlobalSection(ProjectConfigurationPlatforms) = postSolution
		{F6D5CA14-7A28-4B29-9100-A03EFEB6BF54}.Debug|Any CPU.ActiveCfg = Debug|Any CPU
		{F6D5CA14-7A28-4B29-9100-A03EFEB6BF54}.Debug|Any CPU.Build.0 = Debug|Any CPU
		{F6D5CA14-7A28-4B29-9100-A03EFEB6BF54}.Release|Any CPU.ActiveCfg = Release|Any CPU
		{F6D5CA14-7A28-4B29-9100-A03EFEB6BF54}.Release|Any CPU.Build.0 = Release|Any CPU
	EndGlobalSection
	GlobalSection(SolutionProperties) = preSolution
		HideSolutionNode = FALSE
	EndGlobalSection
	GlobalSection(ExtensibilityGlobals) = postSolution
		SolutionGuid = {2B8A28AB-7E23-428A-A44E-705DF4C918B4}
	EndGlobalSection
EndGlobal
